{
  "object": {
    "pins": [
      {
        "package": "Socket",
        "repositoryURL": "https://github.com/IBM-Swift/BlueSocket.git",
        "state": {
          "branch": null,
          "revision": "c9894fd117457f1d006575fbfb2fdfd6f79eac03",
          "version": "1.0.200"
        }
      },
      {
        "package": "CoreSwiftVISA",
        "repositoryURL": "https://github.com/SwiftVISA/CoreSwiftVISA.git",
        "state": {
          "branch": null,
          "revision": "071780d8ff6e3eb02e248692d6d2278440e90e73",
          "version": "0.1.1"
        }
      },
      {
        "package": "SwiftVISASwift",
        "repositoryURL": "https://github.com/SwiftVISA/SwiftVISASwift.git",
        "state": {
          "branch": null,
          "revision": "92a9016f7a40026ba0e2600dabf676f37ac8cc1f",
          "version": "0.1.0"
        }
      },
      {
        "package": "XPSQ8Kit",
        "repositoryURL": "https://github.com/HildrethResearchGroup/XPSQ8Kit.git",
        "state": {
          "branch": "newFunctions",
          "revision": "e632be41ca2207da123147299753a8a1e3ee3f6e",
          "version": null
        }
      }
    ]
  },
  "version": 1
}
