// !$*UTF8*$!
{
	archiveVersion = 1;
	classes = {
	};
	objectVersion = 52;
	objects = {

/* Begin PBXBuildFile section */
		4456EE5825C8AB5800F18A49 /* SwiftVISA.framework in Frameworks */ = {isa = PBXBuildFile; fileRef = C0DEC02425B60D390052CF7A /* SwiftVISA.framework */; };
		4456EE5925C8AB5800F18A49 /* SwiftVISA.framework in Embed Frameworks */ = {isa = PBXBuildFile; fileRef = C0DEC02425B60D390052CF7A /* SwiftVISA.framework */; settings = {ATTRIBUTES = (CodeSignOnCopy, RemoveHeadersOnCopy, ); }; };
		445F25EF25B25479008C6E79 /* SGammaPicker.swift in Sources */ = {isa = PBXBuildFile; fileRef = 445F25EE25B25479008C6E79 /* SGammaPicker.swift */; };
		446A368425A8D6B100801A84 /* StagePositionView.swift in Sources */ = {isa = PBXBuildFile; fileRef = 446A368325A8D6B100801A84 /* StagePositionView.swift */; };
		446A368725A8DB0100801A84 /* NumbersOnly.swift in Sources */ = {isa = PBXBuildFile; fileRef = 446A368625A8DB0100801A84 /* NumbersOnly.swift */; };
		44D4079925A8ECAE00ADCB4F /* StageSGammaParameters.swift in Sources */ = {isa = PBXBuildFile; fileRef = 44D4079825A8ECAE00ADCB4F /* StageSGammaParameters.swift */; };
		C006C68325B5243400B47256 /* ToolBars.swift in Sources */ = {isa = PBXBuildFile; fileRef = C006C68225B5243400B47256 /* ToolBars.swift */; };
		C006C68725B52F1E00B47256 /* Toolbar_XPQ8.swift in Sources */ = {isa = PBXBuildFile; fileRef = C006C68625B52F1E00B47256 /* Toolbar_XPQ8.swift */; };
		C00D601525CBC109000967C4 /* TextFieldWithLabel.swift in Sources */ = {isa = PBXBuildFile; fileRef = C00D601425CBC109000967C4 /* TextFieldWithLabel.swift */; };
		C00D601725CBCBCB000967C4 /* Toolbar_waveform.swift in Sources */ = {isa = PBXBuildFile; fileRef = C00D601625CBCBCB000967C4 /* Toolbar_waveform.swift */; };
		C016576525F97530003E093B /* DisclosureView.swift in Sources */ = {isa = PBXBuildFile; fileRef = C016576025F9752F003E093B /* DisclosureView.swift */; };
		C016576625F97530003E093B /* DisclosureDetailView.swift in Sources */ = {isa = PBXBuildFile; fileRef = C016576125F9752F003E093B /* DisclosureDetailView.swift */; };
		C016576725F97530003E093B /* Extension_View_Hidden.swift in Sources */ = {isa = PBXBuildFile; fileRef = C016576225F97530003E093B /* Extension_View_Hidden.swift */; };
		C016576825F97530003E093B /* DisclosurePrimaryView.swift in Sources */ = {isa = PBXBuildFile; fileRef = C016576325F97530003E093B /* DisclosurePrimaryView.swift */; };
		C016576925F97530003E093B /* DisclosureIndicator.swift in Sources */ = {isa = PBXBuildFile; fileRef = C016576425F97530003E093B /* DisclosureIndicator.swift */; };
		C018973825CB1E0500DC52B5 /* ManualWaveformView.swift in Sources */ = {isa = PBXBuildFile; fileRef = C018973725CB1E0500DC52B5 /* ManualWaveformView.swift */; };
		C018973A25CB20A600DC52B5 /* ManualStagePositionView.swift in Sources */ = {isa = PBXBuildFile; fileRef = C018973925CB20A600DC52B5 /* ManualStagePositionView.swift */; };
		C018973D25CB2E9800DC52B5 /* SwiftVISASwift in Frameworks */ = {isa = PBXBuildFile; productRef = C018973C25CB2E9800DC52B5 /* SwiftVISASwift */; };
		C02729DB2592F68E00E61400 /* NiPApp.swift in Sources */ = {isa = PBXBuildFile; fileRef = C02729DA2592F68E00E61400 /* NiPApp.swift */; };
		C02729DD2592F68E00E61400 /* ContentView.swift in Sources */ = {isa = PBXBuildFile; fileRef = C02729DC2592F68E00E61400 /* ContentView.swift */; };
		C02729DF2592F68E00E61400 /* Assets.xcassets in Resources */ = {isa = PBXBuildFile; fileRef = C02729DE2592F68E00E61400 /* Assets.xcassets */; };
		C02729E22592F68E00E61400 /* Preview Assets.xcassets in Resources */ = {isa = PBXBuildFile; fileRef = C02729E12592F68E00E61400 /* Preview Assets.xcassets */; };
		C02729EF2592F79B00E61400 /* XPSQ8Kit in Frameworks */ = {isa = PBXBuildFile; productRef = C02729EE2592F79B00E61400 /* XPSQ8Kit */; };
		C02729F22592F7CD00E61400 /* StageGroupController.swift in Sources */ = {isa = PBXBuildFile; fileRef = C02729F12592F7CD00E61400 /* StageGroupController.swift */; };
		C02729F72592FDE500E61400 /* StageGroup_Extension.swift in Sources */ = {isa = PBXBuildFile; fileRef = C02729F62592FDE500E61400 /* StageGroup_Extension.swift */; };
		C036151F25B6A556009A9B59 /* EquipmentController.swift in Sources */ = {isa = PBXBuildFile; fileRef = C036151E25B6A556009A9B59 /* EquipmentController.swift */; };
		C036152225B6AC48009A9B59 /* DCWaveformGeneratorController.swift in Sources */ = {isa = PBXBuildFile; fileRef = C036152125B6AC48009A9B59 /* DCWaveformGeneratorController.swift */; };
		C04A49C725CF8DF3006E70C4 /* ApplyCommand.swift in Sources */ = {isa = PBXBuildFile; fileRef = C04A49C625CF8DF3006E70C4 /* ApplyCommand.swift */; };
		C04A49CE25D0DE45006E70C4 /* Time.swift in Sources */ = {isa = PBXBuildFile; fileRef = C04A49CD25D0DE45006E70C4 /* Time.swift */; };
		C04A49D025D0EA1B006E70C4 /* ChannelOnOffCommand.swift in Sources */ = {isa = PBXBuildFile; fileRef = C04A49CF25D0EA1B006E70C4 /* ChannelOnOffCommand.swift */; };
		C04A49D325D0F573006E70C4 /* StepFunctionOperation.swift in Sources */ = {isa = PBXBuildFile; fileRef = C04A49D225D0F573006E70C4 /* StepFunctionOperation.swift */; };
		C04A49D525D0FC09006E70C4 /* OperationProtocol.swift in Sources */ = {isa = PBXBuildFile; fileRef = C04A49D425D0FC09006E70C4 /* OperationProtocol.swift */; };
		C04A49D725D0FC90006E70C4 /* OperationState.swift in Sources */ = {isa = PBXBuildFile; fileRef = C04A49D625D0FC90006E70C4 /* OperationState.swift */; };
		C05D4AB825B407CB00DD95E1 /* ControllerError.swift in Sources */ = {isa = PBXBuildFile; fileRef = C05D4AB725B407CB00DD95E1 /* ControllerError.swift */; };
		C05D4ABC25B4080C00DD95E1 /* StageStatus.swift in Sources */ = {isa = PBXBuildFile; fileRef = C05D4ABB25B4080C00DD95E1 /* StageStatus.swift */; };
		C05EA3232593E61300F4D0AD /* StageParameters.swift in Sources */ = {isa = PBXBuildFile; fileRef = C05EA3222593E61300F4D0AD /* StageParameters.swift */; };
		C06AD93B25CE49DB00C64C40 /* PrintheadController.swift in Sources */ = {isa = PBXBuildFile; fileRef = C06AD93A25CE49DB00C64C40 /* PrintheadController.swift */; };
		C06AD93E25CE4C3A00C64C40 /* StepFunction.swift in Sources */ = {isa = PBXBuildFile; fileRef = C06AD93D25CE4C3A00C64C40 /* StepFunction.swift */; };
		C06AD94225CE506900C64C40 /* TimeUnit.swift in Sources */ = {isa = PBXBuildFile; fileRef = C06AD94125CE506900C64C40 /* TimeUnit.swift */; };
		C06AD94525CE537B00C64C40 /* Protocol_VISACommand.swift in Sources */ = {isa = PBXBuildFile; fileRef = C06AD94425CE537B00C64C40 /* Protocol_VISACommand.swift */; };
		C06AD94725CE57C200C64C40 /* WaveformType.swift in Sources */ = {isa = PBXBuildFile; fileRef = C06AD94625CE57C200C64C40 /* WaveformType.swift */; };
		C06AD94925CE57EF00C64C40 /* ImpedenceSetting.swift in Sources */ = {isa = PBXBuildFile; fileRef = C06AD94825CE57EF00C64C40 /* ImpedenceSetting.swift */; };
		C06AD94B25CE5CF200C64C40 /* OutputChannel.swift in Sources */ = {isa = PBXBuildFile; fileRef = C06AD94A25CE5CF200C64C40 /* OutputChannel.swift */; };
		C06AD94D25CE5DD400C64C40 /* CommandBuilder.swift in Sources */ = {isa = PBXBuildFile; fileRef = C06AD94C25CE5DD400C64C40 /* CommandBuilder.swift */; };
		C0762DDA25AFA26F002370C8 /* String_Extension.swift in Sources */ = {isa = PBXBuildFile; fileRef = C0762DD925AFA26F002370C8 /* String_Extension.swift */; };
		C0840E9325C66A100024F719 /* PreferencesPanel.swift in Sources */ = {isa = PBXBuildFile; fileRef = C0840E9225C66A100024F719 /* PreferencesPanel.swift */; };
		C0B06DBD25A6C1D1003F5AE4 /* StageController.swift in Sources */ = {isa = PBXBuildFile; fileRef = C0B06DBC25A6C1D1003F5AE4 /* StageController.swift */; };
		C0BB8F7826030094003F36A8 /* OperatorController.swift in Sources */ = {isa = PBXBuildFile; fileRef = C0BB8F7726030094003F36A8 /* OperatorController.swift */; };
		C0C2170D25D1EFA200A1C577 /* OperationType.swift in Sources */ = {isa = PBXBuildFile; fileRef = C0C2170C25D1EFA200A1C577 /* OperationType.swift */; };
		C0C2170F25D1F61200A1C577 /* VoltageOffsetCommand.swift in Sources */ = {isa = PBXBuildFile; fileRef = C0C2170E25D1F61200A1C577 /* VoltageOffsetCommand.swift */; };
		C0DEC01225B6036E0052CF7A /* WaveformGeneratorController.swift in Sources */ = {isa = PBXBuildFile; fileRef = C0DEC01125B6036E0052CF7A /* WaveformGeneratorController.swift */; };
		C0E16E4025A8280F004E12B5 /* NotificationKeys.swift in Sources */ = {isa = PBXBuildFile; fileRef = C0E16E3F25A8280F004E12B5 /* NotificationKeys.swift */; };
		C0E16E4425A82F97004E12B5 /* EquipmentConnectView.swift in Sources */ = {isa = PBXBuildFile; fileRef = C0E16E4325A82F97004E12B5 /* EquipmentConnectView.swift */; };
		C0E16E4825A83138004E12B5 /* Protocol_ConnectableEquipment.swift in Sources */ = {isa = PBXBuildFile; fileRef = C0E16E4725A83138004E12B5 /* Protocol_ConnectableEquipment.swift */; };
		C0F2362825C4B8EE00AA29E5 /* UserSettings.swift in Sources */ = {isa = PBXBuildFile; fileRef = C0F2362725C4B8EE00AA29E5 /* UserSettings.swift */; };
/* End PBXBuildFile section */

/* Begin PBXCopyFilesBuildPhase section */
		4456EE5A25C8AB5800F18A49 /* Embed Frameworks */ = {
			isa = PBXCopyFilesBuildPhase;
			buildActionMask = 2147483647;
			dstPath = "";
			dstSubfolderSpec = 10;
			files = (
				4456EE5925C8AB5800F18A49 /* SwiftVISA.framework in Embed Frameworks */,
			);
			name = "Embed Frameworks";
			runOnlyForDeploymentPostprocessing = 0;
		};
/* End PBXCopyFilesBuildPhase section */

/* Begin PBXFileReference section */
		445F25EE25B25479008C6E79 /* SGammaPicker.swift */ = {isa = PBXFileReference; lastKnownFileType = sourcecode.swift; path = SGammaPicker.swift; sourceTree = "<group>"; };
		446A368325A8D6B100801A84 /* StagePositionView.swift */ = {isa = PBXFileReference; lastKnownFileType = sourcecode.swift; path = StagePositionView.swift; sourceTree = "<group>"; };
		446A368625A8DB0100801A84 /* NumbersOnly.swift */ = {isa = PBXFileReference; lastKnownFileType = sourcecode.swift; path = NumbersOnly.swift; sourceTree = "<group>"; };
		44D4079825A8ECAE00ADCB4F /* StageSGammaParameters.swift */ = {isa = PBXFileReference; lastKnownFileType = sourcecode.swift; path = StageSGammaParameters.swift; sourceTree = "<group>"; };
		C006C68225B5243400B47256 /* ToolBars.swift */ = {isa = PBXFileReference; lastKnownFileType = sourcecode.swift; path = ToolBars.swift; sourceTree = "<group>"; };
		C006C68625B52F1E00B47256 /* Toolbar_XPQ8.swift */ = {isa = PBXFileReference; lastKnownFileType = sourcecode.swift; path = Toolbar_XPQ8.swift; sourceTree = "<group>"; };
		C00D601425CBC109000967C4 /* TextFieldWithLabel.swift */ = {isa = PBXFileReference; lastKnownFileType = sourcecode.swift; path = TextFieldWithLabel.swift; sourceTree = "<group>"; };
		C00D601625CBCBCB000967C4 /* Toolbar_waveform.swift */ = {isa = PBXFileReference; lastKnownFileType = sourcecode.swift; path = Toolbar_waveform.swift; sourceTree = "<group>"; };
		C016576025F9752F003E093B /* DisclosureView.swift */ = {isa = PBXFileReference; fileEncoding = 4; lastKnownFileType = sourcecode.swift; path = DisclosureView.swift; sourceTree = "<group>"; };
		C016576125F9752F003E093B /* DisclosureDetailView.swift */ = {isa = PBXFileReference; fileEncoding = 4; lastKnownFileType = sourcecode.swift; path = DisclosureDetailView.swift; sourceTree = "<group>"; };
		C016576225F97530003E093B /* Extension_View_Hidden.swift */ = {isa = PBXFileReference; fileEncoding = 4; lastKnownFileType = sourcecode.swift; path = Extension_View_Hidden.swift; sourceTree = "<group>"; };
		C016576325F97530003E093B /* DisclosurePrimaryView.swift */ = {isa = PBXFileReference; fileEncoding = 4; lastKnownFileType = sourcecode.swift; path = DisclosurePrimaryView.swift; sourceTree = "<group>"; };
		C016576425F97530003E093B /* DisclosureIndicator.swift */ = {isa = PBXFileReference; fileEncoding = 4; lastKnownFileType = sourcecode.swift; path = DisclosureIndicator.swift; sourceTree = "<group>"; };
		C018973725CB1E0500DC52B5 /* ManualWaveformView.swift */ = {isa = PBXFileReference; lastKnownFileType = sourcecode.swift; path = ManualWaveformView.swift; sourceTree = "<group>"; };
		C018973925CB20A600DC52B5 /* ManualStagePositionView.swift */ = {isa = PBXFileReference; lastKnownFileType = sourcecode.swift; path = ManualStagePositionView.swift; sourceTree = "<group>"; };
		C02729D72592F68E00E61400 /* NiP.app */ = {isa = PBXFileReference; explicitFileType = wrapper.application; includeInIndex = 0; path = NiP.app; sourceTree = BUILT_PRODUCTS_DIR; };
		C02729DA2592F68E00E61400 /* NiPApp.swift */ = {isa = PBXFileReference; lastKnownFileType = sourcecode.swift; path = NiPApp.swift; sourceTree = "<group>"; };
		C02729DC2592F68E00E61400 /* ContentView.swift */ = {isa = PBXFileReference; lastKnownFileType = sourcecode.swift; path = ContentView.swift; sourceTree = "<group>"; };
		C02729DE2592F68E00E61400 /* Assets.xcassets */ = {isa = PBXFileReference; lastKnownFileType = folder.assetcatalog; path = Assets.xcassets; sourceTree = "<group>"; };
		C02729E12592F68E00E61400 /* Preview Assets.xcassets */ = {isa = PBXFileReference; lastKnownFileType = folder.assetcatalog; path = "Preview Assets.xcassets"; sourceTree = "<group>"; };
		C02729E32592F68E00E61400 /* Info.plist */ = {isa = PBXFileReference; lastKnownFileType = text.plist.xml; path = Info.plist; sourceTree = "<group>"; };
		C02729E42592F68E00E61400 /* NiP.entitlements */ = {isa = PBXFileReference; lastKnownFileType = text.plist.entitlements; path = NiP.entitlements; sourceTree = "<group>"; };
		C02729F12592F7CD00E61400 /* StageGroupController.swift */ = {isa = PBXFileReference; lastKnownFileType = sourcecode.swift; path = StageGroupController.swift; sourceTree = "<group>"; };
		C02729F62592FDE500E61400 /* StageGroup_Extension.swift */ = {isa = PBXFileReference; lastKnownFileType = sourcecode.swift; path = StageGroup_Extension.swift; sourceTree = "<group>"; };
		C036151E25B6A556009A9B59 /* EquipmentController.swift */ = {isa = PBXFileReference; lastKnownFileType = sourcecode.swift; path = EquipmentController.swift; sourceTree = "<group>"; };
		C036152125B6AC48009A9B59 /* DCWaveformGeneratorController.swift */ = {isa = PBXFileReference; lastKnownFileType = sourcecode.swift; path = DCWaveformGeneratorController.swift; sourceTree = "<group>"; };
		C04A49C625CF8DF3006E70C4 /* ApplyCommand.swift */ = {isa = PBXFileReference; lastKnownFileType = sourcecode.swift; path = ApplyCommand.swift; sourceTree = "<group>"; };
		C04A49CD25D0DE45006E70C4 /* Time.swift */ = {isa = PBXFileReference; lastKnownFileType = sourcecode.swift; path = Time.swift; sourceTree = "<group>"; };
		C04A49CF25D0EA1B006E70C4 /* ChannelOnOffCommand.swift */ = {isa = PBXFileReference; lastKnownFileType = sourcecode.swift; path = ChannelOnOffCommand.swift; sourceTree = "<group>"; };
		C04A49D225D0F573006E70C4 /* StepFunctionOperation.swift */ = {isa = PBXFileReference; lastKnownFileType = sourcecode.swift; path = StepFunctionOperation.swift; sourceTree = "<group>"; };
		C04A49D425D0FC09006E70C4 /* OperationProtocol.swift */ = {isa = PBXFileReference; lastKnownFileType = sourcecode.swift; path = OperationProtocol.swift; sourceTree = "<group>"; };
		C04A49D625D0FC90006E70C4 /* OperationState.swift */ = {isa = PBXFileReference; lastKnownFileType = sourcecode.swift; path = OperationState.swift; sourceTree = "<group>"; };
		C05D4AB725B407CB00DD95E1 /* ControllerError.swift */ = {isa = PBXFileReference; lastKnownFileType = sourcecode.swift; path = ControllerError.swift; sourceTree = "<group>"; };
		C05D4ABB25B4080C00DD95E1 /* StageStatus.swift */ = {isa = PBXFileReference; lastKnownFileType = sourcecode.swift; path = StageStatus.swift; sourceTree = "<group>"; };
		C05EA3222593E61300F4D0AD /* StageParameters.swift */ = {isa = PBXFileReference; lastKnownFileType = sourcecode.swift; path = StageParameters.swift; sourceTree = "<group>"; };
		C06AD93A25CE49DB00C64C40 /* PrintheadController.swift */ = {isa = PBXFileReference; lastKnownFileType = sourcecode.swift; path = PrintheadController.swift; sourceTree = "<group>"; };
		C06AD93D25CE4C3A00C64C40 /* StepFunction.swift */ = {isa = PBXFileReference; lastKnownFileType = sourcecode.swift; path = StepFunction.swift; sourceTree = "<group>"; };
		C06AD94125CE506900C64C40 /* TimeUnit.swift */ = {isa = PBXFileReference; lastKnownFileType = sourcecode.swift; path = TimeUnit.swift; sourceTree = "<group>"; };
		C06AD94425CE537B00C64C40 /* Protocol_VISACommand.swift */ = {isa = PBXFileReference; lastKnownFileType = sourcecode.swift; path = Protocol_VISACommand.swift; sourceTree = "<group>"; };
		C06AD94625CE57C200C64C40 /* WaveformType.swift */ = {isa = PBXFileReference; lastKnownFileType = sourcecode.swift; path = WaveformType.swift; sourceTree = "<group>"; };
		C06AD94825CE57EF00C64C40 /* ImpedenceSetting.swift */ = {isa = PBXFileReference; lastKnownFileType = sourcecode.swift; path = ImpedenceSetting.swift; sourceTree = "<group>"; };
		C06AD94A25CE5CF200C64C40 /* OutputChannel.swift */ = {isa = PBXFileReference; lastKnownFileType = sourcecode.swift; path = OutputChannel.swift; sourceTree = "<group>"; };
		C06AD94C25CE5DD400C64C40 /* CommandBuilder.swift */ = {isa = PBXFileReference; lastKnownFileType = sourcecode.swift; path = CommandBuilder.swift; sourceTree = "<group>"; };
		C0762DD925AFA26F002370C8 /* String_Extension.swift */ = {isa = PBXFileReference; lastKnownFileType = sourcecode.swift; path = String_Extension.swift; sourceTree = "<group>"; };
		C0840E9225C66A100024F719 /* PreferencesPanel.swift */ = {isa = PBXFileReference; lastKnownFileType = sourcecode.swift; path = PreferencesPanel.swift; sourceTree = "<group>"; };
		C0B06DBC25A6C1D1003F5AE4 /* StageController.swift */ = {isa = PBXFileReference; lastKnownFileType = sourcecode.swift; path = StageController.swift; sourceTree = "<group>"; };
		C0BB8F7726030094003F36A8 /* OperatorController.swift */ = {isa = PBXFileReference; lastKnownFileType = sourcecode.swift; path = OperatorController.swift; sourceTree = "<group>"; };
		C0C2170C25D1EFA200A1C577 /* OperationType.swift */ = {isa = PBXFileReference; lastKnownFileType = sourcecode.swift; path = OperationType.swift; sourceTree = "<group>"; };
		C0C2170E25D1F61200A1C577 /* VoltageOffsetCommand.swift */ = {isa = PBXFileReference; lastKnownFileType = sourcecode.swift; path = VoltageOffsetCommand.swift; sourceTree = "<group>"; };
		C0DEC01125B6036E0052CF7A /* WaveformGeneratorController.swift */ = {isa = PBXFileReference; lastKnownFileType = sourcecode.swift; path = WaveformGeneratorController.swift; sourceTree = "<group>"; };
		C0DEC02425B60D390052CF7A /* SwiftVISA.framework */ = {isa = PBXFileReference; lastKnownFileType = wrapper.framework; name = SwiftVISA.framework; path = ../../../../../Library/Frameworks/SwiftVISA.framework; sourceTree = "<group>"; };
		C0E16E3F25A8280F004E12B5 /* NotificationKeys.swift */ = {isa = PBXFileReference; lastKnownFileType = sourcecode.swift; path = NotificationKeys.swift; sourceTree = "<group>"; };
		C0E16E4325A82F97004E12B5 /* EquipmentConnectView.swift */ = {isa = PBXFileReference; lastKnownFileType = sourcecode.swift; path = EquipmentConnectView.swift; sourceTree = "<group>"; };
		C0E16E4725A83138004E12B5 /* Protocol_ConnectableEquipment.swift */ = {isa = PBXFileReference; lastKnownFileType = sourcecode.swift; path = Protocol_ConnectableEquipment.swift; sourceTree = "<group>"; };
		C0F2362725C4B8EE00AA29E5 /* UserSettings.swift */ = {isa = PBXFileReference; lastKnownFileType = sourcecode.swift; path = UserSettings.swift; sourceTree = "<group>"; };
/* End PBXFileReference section */

/* Begin PBXFrameworksBuildPhase section */
		C02729D42592F68E00E61400 /* Frameworks */ = {
			isa = PBXFrameworksBuildPhase;
			buildActionMask = 2147483647;
			files = (
				C018973D25CB2E9800DC52B5 /* SwiftVISASwift in Frameworks */,
				C02729EF2592F79B00E61400 /* XPSQ8Kit in Frameworks */,
				4456EE5825C8AB5800F18A49 /* SwiftVISA.framework in Frameworks */,
			);
			runOnlyForDeploymentPostprocessing = 0;
		};
/* End PBXFrameworksBuildPhase section */

/* Begin PBXGroup section */
		C006C68525B52EF300B47256 /* Toolbar */ = {
			isa = PBXGroup;
			children = (
				C006C68225B5243400B47256 /* ToolBars.swift */,
				C006C68625B52F1E00B47256 /* Toolbar_XPQ8.swift */,
				C00D601625CBCBCB000967C4 /* Toolbar_waveform.swift */,
			);
			path = Toolbar;
			sourceTree = "<group>";
		};
		C00D601125CBB68E000967C4 /* Utility Views */ = {
			isa = PBXGroup;
			children = (
				C00D601425CBC109000967C4 /* TextFieldWithLabel.swift */,
			);
			path = "Utility Views";
			sourceTree = "<group>";
		};
		C016575C25F974E3003E093B /* Operation Views */ = {
			isa = PBXGroup;
			children = (
				C016575F25F97520003E093B /* Custom Disclosure View */,
			);
			path = "Operation Views";
			sourceTree = "<group>";
		};
		C016575F25F97520003E093B /* Custom Disclosure View */ = {
			isa = PBXGroup;
			children = (
				C016576125F9752F003E093B /* DisclosureDetailView.swift */,
				C016576425F97530003E093B /* DisclosureIndicator.swift */,
				C016576325F97530003E093B /* DisclosurePrimaryView.swift */,
				C016576025F9752F003E093B /* DisclosureView.swift */,
				C016576225F97530003E093B /* Extension_View_Hidden.swift */,
			);
			path = "Custom Disclosure View";
			sourceTree = "<group>";
		};
		C018973525CB1D8C00DC52B5 /* Stage Controller View */ = {
			isa = PBXGroup;
			children = (
				446A368325A8D6B100801A84 /* StagePositionView.swift */,
				445F25EE25B25479008C6E79 /* SGammaPicker.swift */,
				C018973925CB20A600DC52B5 /* ManualStagePositionView.swift */,
			);
			path = "Stage Controller View";
			sourceTree = "<group>";
		};
		C018973625CB1DA100DC52B5 /* Waveform Controller Views */ = {
			isa = PBXGroup;
			children = (
				C018973725CB1E0500DC52B5 /* ManualWaveformView.swift */,
			);
			path = "Waveform Controller Views";
			sourceTree = "<group>";
		};
		C02729CE2592F68E00E61400 = {
			isa = PBXGroup;
			children = (
				C02729D92592F68E00E61400 /* NiP */,
				C02729D82592F68E00E61400 /* Products */,
				C0DEC02325B60D390052CF7A /* Frameworks */,
			);
			sourceTree = "<group>";
		};
		C02729D82592F68E00E61400 /* Products */ = {
			isa = PBXGroup;
			children = (
				C02729D72592F68E00E61400 /* NiP.app */,
			);
			name = Products;
			sourceTree = "<group>";
		};
		C02729D92592F68E00E61400 /* NiP */ = {
			isa = PBXGroup;
			children = (
				C02729DA2592F68E00E61400 /* NiPApp.swift */,
				C0F2362425C4B8BE00AA29E5 /* User Defaults */,
				C0BB8F762603007D003F36A8 /* Operators */,
				C036151C25B6A4D8009A9B59 /* Equipment Controllers */,
				C0E16E3E25A827FB004E12B5 /* Helper Files */,
				C02729EC2592F6EC00E61400 /* Views */,
				C02729DE2592F68E00E61400 /* Assets.xcassets */,
				C02729E32592F68E00E61400 /* Info.plist */,
				C02729E42592F68E00E61400 /* NiP.entitlements */,
				C02729E02592F68E00E61400 /* Preview Content */,
			);
			path = NiP;
			sourceTree = "<group>";
		};
		C02729E02592F68E00E61400 /* Preview Content */ = {
			isa = PBXGroup;
			children = (
				C02729E12592F68E00E61400 /* Preview Assets.xcassets */,
			);
			path = "Preview Content";
			sourceTree = "<group>";
		};
		C02729EB2592F6DA00E61400 /* Stage Controllers */ = {
			isa = PBXGroup;
			children = (
				C036151D25B6A4F8009A9B59 /* Prot, Etx. Enums */,
				C02729F12592F7CD00E61400 /* StageGroupController.swift */,
				C05EA3222593E61300F4D0AD /* StageParameters.swift */,
				C0B06DBC25A6C1D1003F5AE4 /* StageController.swift */,
			);
			path = "Stage Controllers";
			sourceTree = "<group>";
		};
		C02729EC2592F6EC00E61400 /* Views */ = {
			isa = PBXGroup;
			children = (
				C016575C25F974E3003E093B /* Operation Views */,
				C02729DC2592F68E00E61400 /* ContentView.swift */,
				C0840E8F25C669D10024F719 /* Preferences */,
				C018973525CB1D8C00DC52B5 /* Stage Controller View */,
				C006C68525B52EF300B47256 /* Toolbar */,
				C00D601125CBB68E000967C4 /* Utility Views */,
				C018973625CB1DA100DC52B5 /* Waveform Controller Views */,
				C0E16E4325A82F97004E12B5 /* EquipmentConnectView.swift */,
			);
			path = Views;
			sourceTree = "<group>";
		};
		C036151C25B6A4D8009A9B59 /* Equipment Controllers */ = {
			isa = PBXGroup;
			children = (
				C036151E25B6A556009A9B59 /* EquipmentController.swift */,
				C05D4AB625B407B700DD95E1 /* Errors */,
				C0E16E4625A8311B004E12B5 /* Protocols and Extensions */,
				C02729EB2592F6DA00E61400 /* Stage Controllers */,
				C0DEC01025B603470052CF7A /* Waveform Generator Controllers */,
			);
			path = "Equipment Controllers";
			sourceTree = "<group>";
		};
		C036151D25B6A4F8009A9B59 /* Prot, Etx. Enums */ = {
			isa = PBXGroup;
			children = (
				C02729F62592FDE500E61400 /* StageGroup_Extension.swift */,
				44D4079825A8ECAE00ADCB4F /* StageSGammaParameters.swift */,
				C05D4ABB25B4080C00DD95E1 /* StageStatus.swift */,
			);
			path = "Prot, Etx. Enums";
			sourceTree = "<group>";
		};
		C04A49C525CF8DD6006E70C4 /* VISACommand */ = {
			isa = PBXGroup;
			children = (
				C06AD94C25CE5DD400C64C40 /* CommandBuilder.swift */,
				C04A49CA25CF917B006E70C4 /* Protocols */,
				C04A49C625CF8DF3006E70C4 /* ApplyCommand.swift */,
				C04A49CF25D0EA1B006E70C4 /* ChannelOnOffCommand.swift */,
				C06AD94825CE57EF00C64C40 /* ImpedenceSetting.swift */,
				C06AD94A25CE5CF200C64C40 /* OutputChannel.swift */,
				C06AD94625CE57C200C64C40 /* WaveformType.swift */,
				C0C2170E25D1F61200A1C577 /* VoltageOffsetCommand.swift */,
			);
			path = VISACommand;
			sourceTree = "<group>";
		};
		C04A49CA25CF917B006E70C4 /* Protocols */ = {
			isa = PBXGroup;
			children = (
				C06AD94425CE537B00C64C40 /* Protocol_VISACommand.swift */,
			);
			path = Protocols;
			sourceTree = "<group>";
		};
		C04A49D125D0F559006E70C4 /* Operations */ = {
			isa = PBXGroup;
			children = (
				C04A49D425D0FC09006E70C4 /* OperationProtocol.swift */,
				C04A49D625D0FC90006E70C4 /* OperationState.swift */,
				C0C2170C25D1EFA200A1C577 /* OperationType.swift */,
				C04A49D225D0F573006E70C4 /* StepFunctionOperation.swift */,
			);
			path = Operations;
			sourceTree = "<group>";
		};
		C05D4AB625B407B700DD95E1 /* Errors */ = {
			isa = PBXGroup;
			children = (
				C05D4AB725B407CB00DD95E1 /* ControllerError.swift */,
			);
			path = Errors;
			sourceTree = "<group>";
		};
		C06AD93C25CE4C0D00C64C40 /* Commands */ = {
			isa = PBXGroup;
			children = (
				C04A49C525CF8DD6006E70C4 /* VISACommand */,
				C06AD93D25CE4C3A00C64C40 /* StepFunction.swift */,
			);
			path = Commands;
			sourceTree = "<group>";
		};
		C06AD94325CE509200C64C40 /* Units */ = {
			isa = PBXGroup;
			children = (
				C06AD94125CE506900C64C40 /* TimeUnit.swift */,
				C04A49CD25D0DE45006E70C4 /* Time.swift */,
			);
			path = Units;
			sourceTree = "<group>";
		};
		C0840E8F25C669D10024F719 /* Preferences */ = {
			isa = PBXGroup;
			children = (
				C0840E9225C66A100024F719 /* PreferencesPanel.swift */,
			);
			path = Preferences;
			sourceTree = "<group>";
		};
		C0BB8F762603007D003F36A8 /* Operators */ = {
			isa = PBXGroup;
			children = (
				C0BB8F7726030094003F36A8 /* OperatorController.swift */,
				C04A49D125D0F559006E70C4 /* Operations */,
			);
			path = Operators;
			sourceTree = "<group>";
		};
		C0C2170B25D1EDB900A1C577 /* Printhead Extensions */ = {
			isa = PBXGroup;
			children = (
			);
			path = "Printhead Extensions";
			sourceTree = "<group>";
		};
		C0DEC01025B603470052CF7A /* Waveform Generator Controllers */ = {
			isa = PBXGroup;
			children = (
				C06AD93C25CE4C0D00C64C40 /* Commands */,
				C0C2170B25D1EDB900A1C577 /* Printhead Extensions */,
				C036152125B6AC48009A9B59 /* DCWaveformGeneratorController.swift */,
				C0DEC01125B6036E0052CF7A /* WaveformGeneratorController.swift */,
				C06AD93A25CE49DB00C64C40 /* PrintheadController.swift */,
			);
			path = "Waveform Generator Controllers";
			sourceTree = "<group>";
		};
		C0DEC02325B60D390052CF7A /* Frameworks */ = {
			isa = PBXGroup;
			children = (
				C0DEC02425B60D390052CF7A /* SwiftVISA.framework */,
			);
			name = Frameworks;
			sourceTree = "<group>";
		};
		C0E16E3E25A827FB004E12B5 /* Helper Files */ = {
			isa = PBXGroup;
			children = (
				C06AD94325CE509200C64C40 /* Units */,
				C0E16E3F25A8280F004E12B5 /* NotificationKeys.swift */,
				446A368625A8DB0100801A84 /* NumbersOnly.swift */,
				C0762DD925AFA26F002370C8 /* String_Extension.swift */,
			);
			path = "Helper Files";
			sourceTree = "<group>";
		};
		C0E16E4625A8311B004E12B5 /* Protocols and Extensions */ = {
			isa = PBXGroup;
			children = (
				C0E16E4725A83138004E12B5 /* Protocol_ConnectableEquipment.swift */,
			);
			path = "Protocols and Extensions";
			sourceTree = "<group>";
		};
		C0F2362425C4B8BE00AA29E5 /* User Defaults */ = {
			isa = PBXGroup;
			children = (
				C0F2362725C4B8EE00AA29E5 /* UserSettings.swift */,
			);
			path = "User Defaults";
			sourceTree = "<group>";
		};
/* End PBXGroup section */

/* Begin PBXNativeTarget section */
		C02729D62592F68E00E61400 /* NiP */ = {
			isa = PBXNativeTarget;
			buildConfigurationList = C02729E72592F68E00E61400 /* Build configuration list for PBXNativeTarget "NiP" */;
			buildPhases = (
				C02729D32592F68E00E61400 /* Sources */,
				C02729D42592F68E00E61400 /* Frameworks */,
				C02729D52592F68E00E61400 /* Resources */,
				4456EE5A25C8AB5800F18A49 /* Embed Frameworks */,
			);
			buildRules = (
			);
			dependencies = (
			);
			name = NiP;
			packageProductDependencies = (
				C02729EE2592F79B00E61400 /* XPSQ8Kit */,
				C018973C25CB2E9800DC52B5 /* SwiftVISASwift */,
			);
			productName = NiP;
			productReference = C02729D72592F68E00E61400 /* NiP.app */;
			productType = "com.apple.product-type.application";
		};
/* End PBXNativeTarget section */

/* Begin PBXProject section */
		C02729CF2592F68E00E61400 /* Project object */ = {
			isa = PBXProject;
			attributes = {
				LastSwiftUpdateCheck = 1230;
				LastUpgradeCheck = 1230;
				TargetAttributes = {
					C02729D62592F68E00E61400 = {
						CreatedOnToolsVersion = 12.3;
					};
				};
			};
			buildConfigurationList = C02729D22592F68E00E61400 /* Build configuration list for PBXProject "NiP" */;
			compatibilityVersion = "Xcode 9.3";
			developmentRegion = en;
			hasScannedForEncodings = 0;
			knownRegions = (
				en,
				Base,
			);
			mainGroup = C02729CE2592F68E00E61400;
			packageReferences = (
				C02729ED2592F79B00E61400 /* XCRemoteSwiftPackageReference "XPSQ8Kit" */,
				C018973B25CB2E9800DC52B5 /* XCRemoteSwiftPackageReference "SwiftVISASwift" */,
			);
			productRefGroup = C02729D82592F68E00E61400 /* Products */;
			projectDirPath = "";
			projectRoot = "";
			targets = (
				C02729D62592F68E00E61400 /* NiP */,
			);
		};
/* End PBXProject section */

/* Begin PBXResourcesBuildPhase section */
		C02729D52592F68E00E61400 /* Resources */ = {
			isa = PBXResourcesBuildPhase;
			buildActionMask = 2147483647;
			files = (
				C02729E22592F68E00E61400 /* Preview Assets.xcassets in Resources */,
				C02729DF2592F68E00E61400 /* Assets.xcassets in Resources */,
			);
			runOnlyForDeploymentPostprocessing = 0;
		};
/* End PBXResourcesBuildPhase section */

/* Begin PBXSourcesBuildPhase section */
		C02729D32592F68E00E61400 /* Sources */ = {
			isa = PBXSourcesBuildPhase;
			buildActionMask = 2147483647;
			files = (
				C00D601525CBC109000967C4 /* TextFieldWithLabel.swift in Sources */,
				C00D601725CBCBCB000967C4 /* Toolbar_waveform.swift in Sources */,
				C0E16E4025A8280F004E12B5 /* NotificationKeys.swift in Sources */,
				C0DEC01225B6036E0052CF7A /* WaveformGeneratorController.swift in Sources */,
				C0C2170F25D1F61200A1C577 /* VoltageOffsetCommand.swift in Sources */,
				445F25EF25B25479008C6E79 /* SGammaPicker.swift in Sources */,
				C06AD94925CE57EF00C64C40 /* ImpedenceSetting.swift in Sources */,
				C018973825CB1E0500DC52B5 /* ManualWaveformView.swift in Sources */,
				C016576625F97530003E093B /* DisclosureDetailView.swift in Sources */,
				C0B06DBD25A6C1D1003F5AE4 /* StageController.swift in Sources */,
				C036151F25B6A556009A9B59 /* EquipmentController.swift in Sources */,
				C04A49D725D0FC90006E70C4 /* OperationState.swift in Sources */,
				C016576725F97530003E093B /* Extension_View_Hidden.swift in Sources */,
				446A368425A8D6B100801A84 /* StagePositionView.swift in Sources */,
				C016576925F97530003E093B /* DisclosureIndicator.swift in Sources */,
				C05D4ABC25B4080C00DD95E1 /* StageStatus.swift in Sources */,
				C06AD94225CE506900C64C40 /* TimeUnit.swift in Sources */,
				C0762DDA25AFA26F002370C8 /* String_Extension.swift in Sources */,
				C006C68725B52F1E00B47256 /* Toolbar_XPQ8.swift in Sources */,
				446A368725A8DB0100801A84 /* NumbersOnly.swift in Sources */,
				C06AD94725CE57C200C64C40 /* WaveformType.swift in Sources */,
				C0E16E4825A83138004E12B5 /* Protocol_ConnectableEquipment.swift in Sources */,
				C016576525F97530003E093B /* DisclosureView.swift in Sources */,
				C0E16E4425A82F97004E12B5 /* EquipmentConnectView.swift in Sources */,
				C036152225B6AC48009A9B59 /* DCWaveformGeneratorController.swift in Sources */,
				C0BB8F7826030094003F36A8 /* OperatorController.swift in Sources */,
				C016576825F97530003E093B /* DisclosurePrimaryView.swift in Sources */,
				C04A49CE25D0DE45006E70C4 /* Time.swift in Sources */,
				C02729F22592F7CD00E61400 /* StageGroupController.swift in Sources */,
				C018973A25CB20A600DC52B5 /* ManualStagePositionView.swift in Sources */,
				C006C68325B5243400B47256 /* ToolBars.swift in Sources */,
				C02729DD2592F68E00E61400 /* ContentView.swift in Sources */,
				C0C2170D25D1EFA200A1C577 /* OperationType.swift in Sources */,
				C0840E9325C66A100024F719 /* PreferencesPanel.swift in Sources */,
				C06AD93E25CE4C3A00C64C40 /* StepFunction.swift in Sources */,
				C04A49D025D0EA1B006E70C4 /* ChannelOnOffCommand.swift in Sources */,
				C06AD94525CE537B00C64C40 /* Protocol_VISACommand.swift in Sources */,
				44D4079925A8ECAE00ADCB4F /* StageSGammaParameters.swift in Sources */,
				C04A49D525D0FC09006E70C4 /* OperationProtocol.swift in Sources */,
				C04A49C725CF8DF3006E70C4 /* ApplyCommand.swift in Sources */,
				C06AD94B25CE5CF200C64C40 /* OutputChannel.swift in Sources */,
				C06AD94D25CE5DD400C64C40 /* CommandBuilder.swift in Sources */,
				C02729F72592FDE500E61400 /* StageGroup_Extension.swift in Sources */,
				C04A49D325D0F573006E70C4 /* StepFunctionOperation.swift in Sources */,
				C05EA3232593E61300F4D0AD /* StageParameters.swift in Sources */,
				C06AD93B25CE49DB00C64C40 /* PrintheadController.swift in Sources */,
				C05D4AB825B407CB00DD95E1 /* ControllerError.swift in Sources */,
				C02729DB2592F68E00E61400 /* NiPApp.swift in Sources */,
				C0F2362825C4B8EE00AA29E5 /* UserSettings.swift in Sources */,
			);
			runOnlyForDeploymentPostprocessing = 0;
		};
/* End PBXSourcesBuildPhase section */

/* Begin XCBuildConfiguration section */
		C02729E52592F68E00E61400 /* Debug */ = {
			isa = XCBuildConfiguration;
			buildSettings = {
				ALWAYS_SEARCH_USER_PATHS = NO;
				CLANG_ANALYZER_NONNULL = YES;
				CLANG_ANALYZER_NUMBER_OBJECT_CONVERSION = YES_AGGRESSIVE;
				CLANG_CXX_LANGUAGE_STANDARD = "gnu++14";
				CLANG_CXX_LIBRARY = "libc++";
				CLANG_ENABLE_MODULES = YES;
				CLANG_ENABLE_OBJC_ARC = YES;
				CLANG_ENABLE_OBJC_WEAK = YES;
				CLANG_WARN_BLOCK_CAPTURE_AUTORELEASING = YES;
				CLANG_WARN_BOOL_CONVERSION = YES;
				CLANG_WARN_COMMA = YES;
				CLANG_WARN_CONSTANT_CONVERSION = YES;
				CLANG_WARN_DEPRECATED_OBJC_IMPLEMENTATIONS = YES;
				CLANG_WARN_DIRECT_OBJC_ISA_USAGE = YES_ERROR;
				CLANG_WARN_DOCUMENTATION_COMMENTS = YES;
				CLANG_WARN_EMPTY_BODY = YES;
				CLANG_WARN_ENUM_CONVERSION = YES;
				CLANG_WARN_INFINITE_RECURSION = YES;
				CLANG_WARN_INT_CONVERSION = YES;
				CLANG_WARN_NON_LITERAL_NULL_CONVERSION = YES;
				CLANG_WARN_OBJC_IMPLICIT_RETAIN_SELF = YES;
				CLANG_WARN_OBJC_LITERAL_CONVERSION = YES;
				CLANG_WARN_OBJC_ROOT_CLASS = YES_ERROR;
				CLANG_WARN_QUOTED_INCLUDE_IN_FRAMEWORK_HEADER = YES;
				CLANG_WARN_RANGE_LOOP_ANALYSIS = YES;
				CLANG_WARN_STRICT_PROTOTYPES = YES;
				CLANG_WARN_SUSPICIOUS_MOVE = YES;
				CLANG_WARN_UNGUARDED_AVAILABILITY = YES_AGGRESSIVE;
				CLANG_WARN_UNREACHABLE_CODE = YES;
				CLANG_WARN__DUPLICATE_METHOD_MATCH = YES;
				COPY_PHASE_STRIP = NO;
				DEBUG_INFORMATION_FORMAT = dwarf;
				ENABLE_STRICT_OBJC_MSGSEND = YES;
				ENABLE_TESTABILITY = YES;
				GCC_C_LANGUAGE_STANDARD = gnu11;
				GCC_DYNAMIC_NO_PIC = NO;
				GCC_NO_COMMON_BLOCKS = YES;
				GCC_OPTIMIZATION_LEVEL = 0;
				GCC_PREPROCESSOR_DEFINITIONS = (
					"DEBUG=1",
					"$(inherited)",
				);
				GCC_WARN_64_TO_32_BIT_CONVERSION = YES;
				GCC_WARN_ABOUT_RETURN_TYPE = YES_ERROR;
				GCC_WARN_UNDECLARED_SELECTOR = YES;
				GCC_WARN_UNINITIALIZED_AUTOS = YES_AGGRESSIVE;
				GCC_WARN_UNUSED_FUNCTION = YES;
				GCC_WARN_UNUSED_VARIABLE = YES;
				MACOSX_DEPLOYMENT_TARGET = 11.0;
				MTL_ENABLE_DEBUG_INFO = INCLUDE_SOURCE;
				MTL_FAST_MATH = YES;
				ONLY_ACTIVE_ARCH = YES;
				SDKROOT = macosx;
				SWIFT_ACTIVE_COMPILATION_CONDITIONS = DEBUG;
				SWIFT_OPTIMIZATION_LEVEL = "-Onone";
			};
			name = Debug;
		};
		C02729E62592F68E00E61400 /* Release */ = {
			isa = XCBuildConfiguration;
			buildSettings = {
				ALWAYS_SEARCH_USER_PATHS = NO;
				CLANG_ANALYZER_NONNULL = YES;
				CLANG_ANALYZER_NUMBER_OBJECT_CONVERSION = YES_AGGRESSIVE;
				CLANG_CXX_LANGUAGE_STANDARD = "gnu++14";
				CLANG_CXX_LIBRARY = "libc++";
				CLANG_ENABLE_MODULES = YES;
				CLANG_ENABLE_OBJC_ARC = YES;
				CLANG_ENABLE_OBJC_WEAK = YES;
				CLANG_WARN_BLOCK_CAPTURE_AUTORELEASING = YES;
				CLANG_WARN_BOOL_CONVERSION = YES;
				CLANG_WARN_COMMA = YES;
				CLANG_WARN_CONSTANT_CONVERSION = YES;
				CLANG_WARN_DEPRECATED_OBJC_IMPLEMENTATIONS = YES;
				CLANG_WARN_DIRECT_OBJC_ISA_USAGE = YES_ERROR;
				CLANG_WARN_DOCUMENTATION_COMMENTS = YES;
				CLANG_WARN_EMPTY_BODY = YES;
				CLANG_WARN_ENUM_CONVERSION = YES;
				CLANG_WARN_INFINITE_RECURSION = YES;
				CLANG_WARN_INT_CONVERSION = YES;
				CLANG_WARN_NON_LITERAL_NULL_CONVERSION = YES;
				CLANG_WARN_OBJC_IMPLICIT_RETAIN_SELF = YES;
				CLANG_WARN_OBJC_LITERAL_CONVERSION = YES;
				CLANG_WARN_OBJC_ROOT_CLASS = YES_ERROR;
				CLANG_WARN_QUOTED_INCLUDE_IN_FRAMEWORK_HEADER = YES;
				CLANG_WARN_RANGE_LOOP_ANALYSIS = YES;
				CLANG_WARN_STRICT_PROTOTYPES = YES;
				CLANG_WARN_SUSPICIOUS_MOVE = YES;
				CLANG_WARN_UNGUARDED_AVAILABILITY = YES_AGGRESSIVE;
				CLANG_WARN_UNREACHABLE_CODE = YES;
				CLANG_WARN__DUPLICATE_METHOD_MATCH = YES;
				COPY_PHASE_STRIP = NO;
				DEBUG_INFORMATION_FORMAT = "dwarf-with-dsym";
				ENABLE_NS_ASSERTIONS = NO;
				ENABLE_STRICT_OBJC_MSGSEND = YES;
				GCC_C_LANGUAGE_STANDARD = gnu11;
				GCC_NO_COMMON_BLOCKS = YES;
				GCC_WARN_64_TO_32_BIT_CONVERSION = YES;
				GCC_WARN_ABOUT_RETURN_TYPE = YES_ERROR;
				GCC_WARN_UNDECLARED_SELECTOR = YES;
				GCC_WARN_UNINITIALIZED_AUTOS = YES_AGGRESSIVE;
				GCC_WARN_UNUSED_FUNCTION = YES;
				GCC_WARN_UNUSED_VARIABLE = YES;
				MACOSX_DEPLOYMENT_TARGET = 11.0;
				MTL_ENABLE_DEBUG_INFO = NO;
				MTL_FAST_MATH = YES;
				SDKROOT = macosx;
				SWIFT_COMPILATION_MODE = wholemodule;
				SWIFT_OPTIMIZATION_LEVEL = "-O";
			};
			name = Release;
		};
		C02729E82592F68E00E61400 /* Debug */ = {
			isa = XCBuildConfiguration;
			buildSettings = {
				ASSETCATALOG_COMPILER_APPICON_NAME = AppIcon;
				ASSETCATALOG_COMPILER_GLOBAL_ACCENT_COLOR_NAME = AccentColor;
				CODE_SIGN_ENTITLEMENTS = NiP/NiP.entitlements;
				CODE_SIGN_IDENTITY = "-";
				CODE_SIGN_STYLE = Manual;
				COMBINE_HIDPI_IMAGES = YES;
				DEVELOPMENT_ASSET_PATHS = "\"NiP/Preview Content\"";
				DEVELOPMENT_TEAM = "";
				ENABLE_HARDENED_RUNTIME = YES;
				ENABLE_PREVIEWS = YES;
				FRAMEWORK_SEARCH_PATHS = (
					"$(inherited)",
					"$(USER_LIBRARY_DIR)/Frameworks",
					"$(LOCAL_LIBRARY_DIR)/Frameworks",
				);
				INFOPLIST_FILE = NiP/Info.plist;
				LD_RUNPATH_SEARCH_PATHS = (
					"$(inherited)",
					"@executable_path/../Frameworks",
				);
				MACOSX_DEPLOYMENT_TARGET = 11.0;
				MTL_ENABLE_DEBUG_INFO = NO;
				PRODUCT_BUNDLE_IDENTIFIER = com.HRG.NiP;
				PRODUCT_NAME = "$(TARGET_NAME)";
				PROVISIONING_PROFILE_SPECIFIER = "";
				SWIFT_VERSION = 5.0;
			};
			name = Debug;
		};
		C02729E92592F68E00E61400 /* Release */ = {
			isa = XCBuildConfiguration;
			buildSettings = {
				ASSETCATALOG_COMPILER_APPICON_NAME = AppIcon;
				ASSETCATALOG_COMPILER_GLOBAL_ACCENT_COLOR_NAME = AccentColor;
				CODE_SIGN_ENTITLEMENTS = NiP/NiP.entitlements;
				CODE_SIGN_IDENTITY = "-";
				CODE_SIGN_STYLE = Manual;
				COMBINE_HIDPI_IMAGES = YES;
				DEVELOPMENT_ASSET_PATHS = "\"NiP/Preview Content\"";
				DEVELOPMENT_TEAM = "";
				ENABLE_HARDENED_RUNTIME = YES;
				ENABLE_PREVIEWS = YES;
				FRAMEWORK_SEARCH_PATHS = (
					"$(inherited)",
					"$(USER_LIBRARY_DIR)/Frameworks",
					"$(LOCAL_LIBRARY_DIR)/Frameworks",
				);
				INFOPLIST_FILE = NiP/Info.plist;
				LD_RUNPATH_SEARCH_PATHS = (
					"$(inherited)",
					"@executable_path/../Frameworks",
				);
				MACOSX_DEPLOYMENT_TARGET = 11.0;
				PRODUCT_BUNDLE_IDENTIFIER = com.HRG.NiP;
				PRODUCT_NAME = "$(TARGET_NAME)";
				PROVISIONING_PROFILE_SPECIFIER = "";
				SWIFT_VERSION = 5.0;
			};
			name = Release;
		};
/* End XCBuildConfiguration section */

/* Begin XCConfigurationList section */
		C02729D22592F68E00E61400 /* Build configuration list for PBXProject "NiP" */ = {
			isa = XCConfigurationList;
			buildConfigurations = (
				C02729E52592F68E00E61400 /* Debug */,
				C02729E62592F68E00E61400 /* Release */,
			);
			defaultConfigurationIsVisible = 0;
			defaultConfigurationName = Release;
		};
		C02729E72592F68E00E61400 /* Build configuration list for PBXNativeTarget "NiP" */ = {
			isa = XCConfigurationList;
			buildConfigurations = (
				C02729E82592F68E00E61400 /* Debug */,
				C02729E92592F68E00E61400 /* Release */,
			);
			defaultConfigurationIsVisible = 0;
			defaultConfigurationName = Release;
		};
/* End XCConfigurationList section */

/* Begin XCRemoteSwiftPackageReference section */
		C018973B25CB2E9800DC52B5 /* XCRemoteSwiftPackageReference "SwiftVISASwift" */ = {
			isa = XCRemoteSwiftPackageReference;
			repositoryURL = "https://github.com/SwiftVISA/SwiftVISASwift.git";
			requirement = {
				kind = upToNextMajorVersion;
				minimumVersion = 0.1.0;
			};
		};
		C02729ED2592F79B00E61400 /* XCRemoteSwiftPackageReference "XPSQ8Kit" */ = {
			isa = XCRemoteSwiftPackageReference;
			repositoryURL = "https://github.com/HildrethResearchGroup/XPSQ8Kit.git";
			requirement = {
				branch = newFunctions;
				kind = branch;
			};
		};
/* End XCRemoteSwiftPackageReference section */

/* Begin XCSwiftPackageProductDependency section */
		C018973C25CB2E9800DC52B5 /* SwiftVISASwift */ = {
			isa = XCSwiftPackageProductDependency;
			package = C018973B25CB2E9800DC52B5 /* XCRemoteSwiftPackageReference "SwiftVISASwift" */;
			productName = SwiftVISASwift;
		};
		C02729EE2592F79B00E61400 /* XPSQ8Kit */ = {
			isa = XCSwiftPackageProductDependency;
			package = C02729ED2592F79B00E61400 /* XCRemoteSwiftPackageReference "XPSQ8Kit" */;
			productName = XPSQ8Kit;
		};
/* End XCSwiftPackageProductDependency section */
	};
	rootObject = C02729CF2592F68E00E61400 /* Project object */;
}
